
Microsoft Visual Studio Solution File, Format Version 12.00
# Visual Studio Version 17
VisualStudioVersion = 17.1.32228.430
MinimumVisualStudioVersion = 10.0.40219.1
Project("{FAE04EC0-301F-11D3-BF4B-00C04F79EFBC}") = "NetCore-MongoDB-CRUDOperation", "NetCore-MongoDB-CRUDOperation\NetCore-MongoDB-CRUDOperation.csproj", "{191E5180-F49D-4998-AFE3-03962D9D25C1}"
EndProject
Global
	GlobalSection(SolutionConfigurationPlatforms) = preSolution
		Debug|Any CPU = Debug|Any CPU
		Release|Any CPU = Release|Any CPU
	EndGlobalSection
	GlobalSection(ProjectConfigurationPlatforms) = postSolution
		{191E5180-F49D-4998-AFE3-03962D9D25C1}.Debug|Any CPU.ActiveCfg = Debug|Any CPU
		{191E5180-F49D-4998-AFE3-03962D9D25C1}.Debug|Any CPU.Build.0 = Debug|Any CPU
		{191E5180-F49D-4998-AFE3-03962D9D25C1}.Release|Any CPU.ActiveCfg = Release|Any CPU
		{191E5180-F49D-4998-AFE3-03962D9D25C1}.Release|Any CPU.Build.0 = Release|Any CPU
	EndGlobalSection
	GlobalSection(SolutionProperties) = preSolution
		HideSolutionNode = FALSE
	EndGlobalSection
	GlobalSection(ExtensibilityGlobals) = postSolution
		SolutionGuid = {64981358-8578-46FD-9447-9E138B5012B7}
	EndGlobalSection
EndGlobal
